
Microsoft Visual Studio Solution File, Format Version 12.00
# Visual Studio 15
VisualStudioVersion = 15.0.26730.16
MinimumVisualStudioVersion = 10.0.40219.1
Project("{9A19103F-16F7-4668-BE54-9A1E7A4F7556}") = "XMLUnit.Core", "XMLUnit.Core.csproj", "{DE6E5885-C0C6-4FF0-B8C9-0BEB68DEE7B2}"
EndProject
Global
	GlobalSection(SolutionConfigurationPlatforms) = preSolution
		Debug|Any CPU = Debug|Any CPU
		Release|Any CPU = Release|Any CPU
	EndGlobalSection
	GlobalSection(ProjectConfigurationPlatforms) = postSolution
		{DE6E5885-C0C6-4FF0-B8C9-0BEB68DEE7B2}.Debug|Any CPU.ActiveCfg = Debug|Any CPU
		{DE6E5885-C0C6-4FF0-B8C9-0BEB68DEE7B2}.Debug|Any CPU.Build.0 = Debug|Any CPU
		{DE6E5885-C0C6-4FF0-B8C9-0BEB68DEE7B2}.Release|Any CPU.ActiveCfg = Release|Any CPU
		{DE6E5885-C0C6-4FF0-B8C9-0BEB68DEE7B2}.Release|Any CPU.Build.0 = Release|Any CPU
	EndGlobalSection
	GlobalSection(SolutionProperties) = preSolution
		HideSolutionNode = FALSE
	EndGlobalSection
	GlobalSection(ExtensibilityGlobals) = postSolution
		SolutionGuid = {D23AD9FA-02AC-40FC-87D1-EF0DA1288624}
	EndGlobalSection
EndGlobal
